github.com/alexedwards/scs v1.4.0/go.mod h1:JRIFiXthhMSivuGbxpzUa0/hT5rz2hpyw61Bmd+S1bg=
github.com/davecgh/go-spew v1.1.1/go.mod h1:J7Y8YcW2NihsgmVo/mv3lAwl/skON4iLHjSsI+c5H38=
github.com/pmezard/go-difflib v1.0.0/go.mod h1:iKH77koFhYxTK1pcRnkKkqfTogsbg7gZNVY4sRDYZ/4=
github.com/spekary/gengen v0.0.0-20181114132625-5a2d3e95c4f2 h1:4YGmSrdtPjjxpfMOC8U3zFhBEl1vVw7NrY07mvu+wnE=
github.com/spekary/gengen v0.0.0-20181114132625-5a2d3e95c4f2/go.mod h1:RH7g7RRj0fwTdoB29eSE0kg7qczRBcK5Iz2VlH/Re+Q=
github.com/spekary/got v0.3.0 h1:ABwfts7rlSG+FS9WW0/3+oCPcBw9f5Tf9Rl5of7/3bo=
github.com/spekary/got v0.3.0/go.mod h1:RYIrZtc11C71ZTNC5E78+cuU8NoxetudxhuSJG13uDM=
github.com/spekary/got v0.4.1/go.mod h1:OvNGKeRWb2uYL9gA2/K0BY5yzwt51u6TrPlqHFnAqUs=
github.com/stretchr/testify v1.2.2/go.mod h1:a8OnRcib4nhh0OaRAV+Yts87kKdq0PP7pXfy6kDkUVs=
