github.com/alexedwards/scs v1.4.0/go.mod h1:JRIFiXthhMSivuGbxpzUa0/hT5rz2hpyw61Bmd+S1bg=
github.com/davecgh/go-spew v1.1.1/go.mod h1:J7Y8YcW2NihsgmVo/mv3lAwl/skON4iLHjSsI+c5H38=
github.com/gedex/inflector v0.0.0-20170307190818-16278e9db813/go.mod h1:P+oSoE9yhSRvsmYyZsshflcR6ePWYLql6UU1amW13IM=
github.com/go-sql-driver/mysql v1.4.1/go.mod h1:zAC/RDZ24gD3HViQzih4MyKcchzm+sOG5ZlKdlhCg5w=
github.com/goradd/gengen v0.1.1/go.mod h1:EDHYbSKY49JvXyrqdZoHR41BKGSXLXTRuPle7KkHg6M=
github.com/goradd/gofile v0.1.2/go.mod h1:Il/+n/haoU0ZJJjwJ6t9f+fFtxrUuEfCG/vEkV1n9is=
github.com/goradd/gofile v0.1.4/go.mod h1:FZVfQmXDUNgS7nKPMOsuIxf1VaC1vxYFeP0bmL8fcDU=
github.com/goradd/goradd v0.0.1/go.mod h1:KdIEjdlOu8pvxC5am0JEj+itd4NdjneObjLqOm6FtTc=
github.com/goradd/got v0.5.0/go.mod h1:NQ+l2ILWVrSImYap7AhgPGGyywwrQemSP0BG70hzb2M=
github.com/gorilla/websocket v1.4.0/go.mod h1:E7qHFY5m1UJ88s3WnNqhKjPHQ0heANvMoAMk2YaljkQ=
github.com/inconshreveable/mousetrap v1.0.0/go.mod h1:PxqpIevigyE2G7u3NXJIT2ANytuPF1OarO4DADm73n8=
github.com/knq/snaker v0.0.0-20181215144011-2bc8a4db4687/go.mod h1:f0Dmq8fkddh8nOsVabYmtOHHdxlq2q4X+LQ1xWQEdUU=
github.com/microcosm-cc/bluemonday v1.0.2/go.mod h1:iVP4YcDBq+n/5fb23BhYFvIMq/leAFZyRl6bYmGDlGc=
github.com/patrickmn/go-cache v2.1.0+incompatible/go.mod h1:3Qf8kWWT7OJRJbdiICTKqZju1ZixQ/KpMGzzAfe6+WQ=
github.com/pmezard/go-difflib v1.0.0/go.mod h1:iKH77koFhYxTK1pcRnkKkqfTogsbg7gZNVY4sRDYZ/4=
github.com/spf13/cobra v0.0.3/go.mod h1:1l0Ry5zgKvJasoi3XT1TypsSe7PqH0Sj9dhYf7v3XqQ=
github.com/spf13/pflag v1.0.3/go.mod h1:DYY7MBk1bdzusC3SYhjObp+wFpr4gzcvqqNjLnInEg4=
github.com/stretchr/testify v1.2.2/go.mod h1:a8OnRcib4nhh0OaRAV+Yts87kKdq0PP7pXfy6kDkUVs=
golang.org/x/crypto v0.0.0-20181203042331-505ab145d0a9/go.mod h1:6SG95UA2DQfeDnfUPMdvaQW0Q7yPrPDi9nlGo2tz2b4=
golang.org/x/net v0.0.0-20181220203305-927f97764cc3/go.mod h1:mL1N/T3taQHkDXs73rZJwtUhF3w3ftmwwsq0BUmARs4=
golang.org/x/text v0.3.0/go.mod h1:NqM8EUOU14njkJ3fqMW+pc6Ldnwhi/IjpwHt7yyuwOQ=
